
Microsoft Visual Studio Solution File, Format Version 12.00
# Visual Studio Version 16
VisualStudioVersion = 16.0.29503.13
MinimumVisualStudioVersion = 10.0.40219.1
Project("{9A19103F-16F7-4668-BE54-9A1E7A4F7556}") = "borsvarlden", "borsvarlden\borsvarlden.csproj", "{74C7274C-4B58-4DAE-82DC-607DC58AB013}"
EndProject
Project("{2150E333-8FDC-42A3-9474-1A3956D46DE8}") = "Tests", "Tests", "{9DF5B9F1-3D0F-4C53-A515-A1EDD2A445FB}"
EndProject
Project("{9A19103F-16F7-4668-BE54-9A1E7A4F7556}") = "borsvarlden.Tests.UnitTests", "borsvarlden.Tests.UnitTests\borsvarlden.Tests.UnitTests.csproj", "{23846B84-EC12-4E27-8548-91B75A04F76C}"
EndProject
Global
	GlobalSection(SolutionConfigurationPlatforms) = preSolution
		Debug|Any CPU = Debug|Any CPU
		Release|Any CPU = Release|Any CPU
	EndGlobalSection
	GlobalSection(ProjectConfigurationPlatforms) = postSolution
		{74C7274C-4B58-4DAE-82DC-607DC58AB013}.Debug|Any CPU.ActiveCfg = Debug|Any CPU
		{74C7274C-4B58-4DAE-82DC-607DC58AB013}.Debug|Any CPU.Build.0 = Debug|Any CPU
		{74C7274C-4B58-4DAE-82DC-607DC58AB013}.Release|Any CPU.ActiveCfg = Release|Any CPU
		{74C7274C-4B58-4DAE-82DC-607DC58AB013}.Release|Any CPU.Build.0 = Release|Any CPU
		{23846B84-EC12-4E27-8548-91B75A04F76C}.Debug|Any CPU.ActiveCfg = Debug|Any CPU
		{23846B84-EC12-4E27-8548-91B75A04F76C}.Debug|Any CPU.Build.0 = Debug|Any CPU
		{23846B84-EC12-4E27-8548-91B75A04F76C}.Release|Any CPU.ActiveCfg = Release|Any CPU
		{23846B84-EC12-4E27-8548-91B75A04F76C}.Release|Any CPU.Build.0 = Release|Any CPU
	EndGlobalSection
	GlobalSection(SolutionProperties) = preSolution
		HideSolutionNode = FALSE
	EndGlobalSection
	GlobalSection(NestedProjects) = preSolution
		{23846B84-EC12-4E27-8548-91B75A04F76C} = {9DF5B9F1-3D0F-4C53-A515-A1EDD2A445FB}
	EndGlobalSection
	GlobalSection(ExtensibilityGlobals) = postSolution
		SolutionGuid = {D167268C-24D3-40C3-92D8-005DC121B69C}
	EndGlobalSection
EndGlobal
